// !$*UTF8*$!
{
	archiveVersion = 1;
	classes = {
	};
	objectVersion = 50;
	objects = {

/* Begin PBXBuildFile section */
		9520648A21CE7D3A00914545 /* AppDelegate.swift in Sources */ = {isa = PBXBuildFile; fileRef = 9520648921CE7D3A00914545 /* AppDelegate.swift */; };
		9520648C21CE7D3A00914545 /* ViewController.swift in Sources */ = {isa = PBXBuildFile; fileRef = 9520648B21CE7D3A00914545 /* ViewController.swift */; };
		9520648F21CE7D3A00914545 /* Main.storyboard in Resources */ = {isa = PBXBuildFile; fileRef = 9520648D21CE7D3A00914545 /* Main.storyboard */; };
		9520649121CE7D3C00914545 /* Assets.xcassets in Resources */ = {isa = PBXBuildFile; fileRef = 9520649021CE7D3C00914545 /* Assets.xcassets */; };
		9520649421CE7D3C00914545 /* LaunchScreen.storyboard in Resources */ = {isa = PBXBuildFile; fileRef = 9520649221CE7D3C00914545 /* LaunchScreen.storyboard */; };
		9520649F21CE7D3C00914545 /* TimeCounterTests.swift in Sources */ = {isa = PBXBuildFile; fileRef = 9520649E21CE7D3C00914545 /* TimeCounterTests.swift */; };
		952064AA21CE81B900914545 /* Stopwatch.swift in Sources */ = {isa = PBXBuildFile; fileRef = 952064A921CE81B900914545 /* Stopwatch.swift */; };
/* End PBXBuildFile section */

/* Begin PBXContainerItemProxy section */
		9520649B21CE7D3C00914545 /* PBXContainerItemProxy */ = {
			isa = PBXContainerItemProxy;
			containerPortal = 9520647E21CE7D3A00914545 /* Project object */;
			proxyType = 1;
			remoteGlobalIDString = 9520648521CE7D3A00914545;
			remoteInfo = TimeCounter;
		};
/* End PBXContainerItemProxy section */

/* Begin PBXFileReference section */
		9520648621CE7D3A00914545 /* TimeCounter.app */ = {isa = PBXFileReference; explicitFileType = wrapper.application; includeInIndex = 0; path = TimeCounter.app; sourceTree = BUILT_PRODUCTS_DIR; };
		9520648921CE7D3A00914545 /* AppDelegate.swift */ = {isa = PBXFileReference; lastKnownFileType = sourcecode.swift; path = AppDelegate.swift; sourceTree = "<group>"; };
		9520648B21CE7D3A00914545 /* ViewController.swift */ = {isa = PBXFileReference; lastKnownFileType = sourcecode.swift; path = ViewController.swift; sourceTree = "<group>"; };
		9520648E21CE7D3A00914545 /* Base */ = {isa = PBXFileReference; lastKnownFileType = file.storyboard; name = Base; path = Base.lproj/Main.storyboard; sourceTree = "<group>"; };
		9520649021CE7D3C00914545 /* Assets.xcassets */ = {isa = PBXFileReference; lastKnownFileType = folder.assetcatalog; path = Assets.xcassets; sourceTree = "<group>"; };
		9520649321CE7D3C00914545 /* Base */ = {isa = PBXFileReference; lastKnownFileType = file.storyboard; name = Base; path = Base.lproj/LaunchScreen.storyboard; sourceTree = "<group>"; };
		9520649521CE7D3C00914545 /* Info.plist */ = {isa = PBXFileReference; lastKnownFileType = text.plist.xml; path = Info.plist; sourceTree = "<group>"; };
		9520649A21CE7D3C00914545 /* TimeCounterTests.xctest */ = {isa = PBXFileReference; explicitFileType = wrapper.cfbundle; includeInIndex = 0; path = TimeCounterTests.xctest; sourceTree = BUILT_PRODUCTS_DIR; };
		9520649E21CE7D3C00914545 /* TimeCounterTests.swift */ = {isa = PBXFileReference; lastKnownFileType = sourcecode.swift; path = TimeCounterTests.swift; sourceTree = "<group>"; };
		952064A021CE7D3C00914545 /* Info.plist */ = {isa = PBXFileReference; lastKnownFileType = text.plist.xml; path = Info.plist; sourceTree = "<group>"; };
		952064A921CE81B900914545 /* Stopwatch.swift */ = {isa = PBXFileReference; lastKnownFileType = sourcecode.swift; path = Stopwatch.swift; sourceTree = "<group>"; };
/* End PBXFileReference section */

/* Begin PBXFrameworksBuildPhase section */
		9520648321CE7D3A00914545 /* Frameworks */ = {
			isa = PBXFrameworksBuildPhase;
			buildActionMask = 2147483647;
			files = (
			);
			runOnlyForDeploymentPostprocessing = 0;
		};
		9520649721CE7D3C00914545 /* Frameworks */ = {
			isa = PBXFrameworksBuildPhase;
			buildActionMask = 2147483647;
			files = (
			);
			runOnlyForDeploymentPostprocessing = 0;
		};
/* End PBXFrameworksBuildPhase section */

/* Begin PBXGroup section */
		9520647D21CE7D3A00914545 = {
			isa = PBXGroup;
			children = (
				9520648821CE7D3A00914545 /* TimeCounter */,
				9520649D21CE7D3C00914545 /* TimeCounterTests */,
				9520648721CE7D3A00914545 /* Products */,
			);
			sourceTree = "<group>";
		};
		9520648721CE7D3A00914545 /* Products */ = {
			isa = PBXGroup;
			children = (
				9520648621CE7D3A00914545 /* TimeCounter.app */,
				9520649A21CE7D3C00914545 /* TimeCounterTests.xctest */,
			);
			name = Products;
			sourceTree = "<group>";
		};
		9520648821CE7D3A00914545 /* TimeCounter */ = {
			isa = PBXGroup;
			children = (
				9520648921CE7D3A00914545 /* AppDelegate.swift */,
				9520648B21CE7D3A00914545 /* ViewController.swift */,
				952064A921CE81B900914545 /* Stopwatch.swift */,
				9520648D21CE7D3A00914545 /* Main.storyboard */,
				9520649021CE7D3C00914545 /* Assets.xcassets */,
				9520649221CE7D3C00914545 /* LaunchScreen.storyboard */,
				9520649521CE7D3C00914545 /* Info.plist */,
			);
			path = TimeCounter;
			sourceTree = "<group>";
		};
		9520649D21CE7D3C00914545 /* TimeCounterTests */ = {
			isa = PBXGroup;
			children = (
				9520649E21CE7D3C00914545 /* TimeCounterTests.swift */,
				952064A021CE7D3C00914545 /* Info.plist */,
			);
			path = TimeCounterTests;
			sourceTree = "<group>";
		};
/* End PBXGroup section */

/* Begin PBXNativeTarget section */
		9520648521CE7D3A00914545 /* TimeCounter */ = {
			isa = PBXNativeTarget;
			buildConfigurationList = 952064A321CE7D3C00914545 /* Build configuration list for PBXNativeTarget "TimeCounter" */;
			buildPhases = (
				9520648221CE7D3A00914545 /* Sources */,
				9520648321CE7D3A00914545 /* Frameworks */,
				9520648421CE7D3A00914545 /* Resources */,
			);
			buildRules = (
			);
			dependencies = (
			);
			name = TimeCounter;
			productName = TimeCounter;
			productReference = 9520648621CE7D3A00914545 /* TimeCounter.app */;
			productType = "com.apple.product-type.application";
		};
		9520649921CE7D3C00914545 /* TimeCounterTests */ = {
			isa = PBXNativeTarget;
			buildConfigurationList = 952064A621CE7D3C00914545 /* Build configuration list for PBXNativeTarget "TimeCounterTests" */;
			buildPhases = (
				9520649621CE7D3C00914545 /* Sources */,
				9520649721CE7D3C00914545 /* Frameworks */,
				9520649821CE7D3C00914545 /* Resources */,
			);
			buildRules = (
			);
			dependencies = (
				9520649C21CE7D3C00914545 /* PBXTargetDependency */,
			);
			name = TimeCounterTests;
			productName = TimeCounterTests;
			productReference = 9520649A21CE7D3C00914545 /* TimeCounterTests.xctest */;
			productType = "com.apple.product-type.bundle.unit-test";
		};
/* End PBXNativeTarget section */

/* Begin PBXProject section */
		9520647E21CE7D3A00914545 /* Project object */ = {
			isa = PBXProject;
			attributes = {
				LastSwiftUpdateCheck = 1010;
				LastUpgradeCheck = 1010;
				ORGANIZATIONNAME = "Agnius Pazecka";
				TargetAttributes = {
					9520648521CE7D3A00914545 = {
						CreatedOnToolsVersion = 10.1;
					};
					9520649921CE7D3C00914545 = {
						CreatedOnToolsVersion = 10.1;
						TestTargetID = 9520648521CE7D3A00914545;
					};
				};
			};
			buildConfigurationList = 9520648121CE7D3A00914545 /* Build configuration list for PBXProject "TimeCounter" */;
			compatibilityVersion = "Xcode 9.3";
			developmentRegion = en;
			hasScannedForEncodings = 0;
			knownRegions = (
				en,
				Base,
			);
			mainGroup = 9520647D21CE7D3A00914545;
			productRefGroup = 9520648721CE7D3A00914545 /* Products */;
			projectDirPath = "";
			projectRoot = "";
			targets = (
				9520648521CE7D3A00914545 /* TimeCounter */,
				9520649921CE7D3C00914545 /* TimeCounterTests */,
			);
		};
/* End PBXProject section */

/* Begin PBXResourcesBuildPhase section */
		9520648421CE7D3A00914545 /* Resources */ = {
			isa = PBXResourcesBuildPhase;
			buildActionMask = 2147483647;
			files = (
				9520649421CE7D3C00914545 /* LaunchScreen.storyboard in Resources */,
				9520649121CE7D3C00914545 /* Assets.xcassets in Resources */,
				9520648F21CE7D3A00914545 /* Main.storyboard in Resources */,
			);
			runOnlyForDeploymentPostprocessing = 0;
		};
		9520649821CE7D3C00914545 /* Resources */ = {
			isa = PBXResourcesBuildPhase;
			buildActionMask = 2147483647;
			files = (
			);
			runOnlyForDeploymentPostprocessing = 0;
		};
/* End PBXResourcesBuildPhase section */

/* Begin PBXSourcesBuildPhase section */
		9520648221CE7D3A00914545 /* Sources */ = {
			isa = PBXSourcesBuildPhase;
			buildActionMask = 2147483647;
			files = (
				9520648C21CE7D3A00914545 /* ViewController.swift in Sources */,
				952064AA21CE81B900914545 /* Stopwatch.swift in Sources */,
				9520648A21CE7D3A00914545 /* AppDelegate.swift in Sources */,
			);
			runOnlyForDeploymentPostprocessing = 0;
		};
		9520649621CE7D3C00914545 /* Sources */ = {
			isa = PBXSourcesBuildPhase;
			buildActionMask = 2147483647;
			files = (
				9520649F21CE7D3C00914545 /* TimeCounterTests.swift in Sources */,
			);
			runOnlyForDeploymentPostprocessing = 0;
		};
/* End PBXSourcesBuildPhase section */

/* Begin PBXTargetDependency section */
		9520649C21CE7D3C00914545 /* PBXTargetDependency */ = {
			isa = PBXTargetDependency;
			target = 9520648521CE7D3A00914545 /* TimeCounter */;
			targetProxy = 9520649B21CE7D3C00914545 /* PBXContainerItemProxy */;
		};
/* End PBXTargetDependency section */

/* Begin PBXVariantGroup section */
		9520648D21CE7D3A00914545 /* Main.storyboard */ = {
			isa = PBXVariantGroup;
			children = (
				9520648E21CE7D3A00914545 /* Base */,
			);
			name = Main.storyboard;
			sourceTree = "<group>";
		};
		9520649221CE7D3C00914545 /* LaunchScreen.storyboard */ = {
			isa = PBXVariantGroup;
			children = (
				9520649321CE7D3C00914545 /* Base */,
			);
			name = LaunchScreen.storyboard;
			sourceTree = "<group>";
		};
/* End PBXVariantGroup section */

/* Begin XCBuildConfiguration section */
		952064A121CE7D3C00914545 /* Debug */ = {
			isa = XCBuildConfiguration;
			buildSettings = {
				ALWAYS_SEARCH_USER_PATHS = NO;
				CLANG_ANALYZER_NONNULL = YES;
				CLANG_ANALYZER_NUMBER_OBJECT_CONVERSION = YES_AGGRESSIVE;
				CLANG_CXX_LANGUAGE_STANDARD = "gnu++14";
				CLANG_CXX_LIBRARY = "libc++";
				CLANG_ENABLE_MODULES = YES;
				CLANG_ENABLE_OBJC_ARC = YES;
				CLANG_ENABLE_OBJC_WEAK = YES;
				CLANG_WARN_BLOCK_CAPTURE_AUTORELEASING = YES;
				CLANG_WARN_BOOL_CONVERSION = YES;
				CLANG_WARN_COMMA = YES;
				CLANG_WARN_CONSTANT_CONVERSION = YES;
				CLANG_WARN_DEPRECATED_OBJC_IMPLEMENTATIONS = YES;
				CLANG_WARN_DIRECT_OBJC_ISA_USAGE = YES_ERROR;
				CLANG_WARN_DOCUMENTATION_COMMENTS = YES;
				CLANG_WARN_EMPTY_BODY = YES;
				CLANG_WARN_ENUM_CONVERSION = YES;
				CLANG_WARN_INFINITE_RECURSION = YES;
				CLANG_WARN_INT_CONVERSION = YES;
				CLANG_WARN_NON_LITERAL_NULL_CONVERSION = YES;
				CLANG_WARN_OBJC_IMPLICIT_RETAIN_SELF = YES;
				CLANG_WARN_OBJC_LITERAL_CONVERSION = YES;
				CLANG_WARN_OBJC_ROOT_CLASS = YES_ERROR;
				CLANG_WARN_RANGE_LOOP_ANALYSIS = YES;
				CLANG_WARN_STRICT_PROTOTYPES = YES;
				CLANG_WARN_SUSPICIOUS_MOVE = YES;
				CLANG_WARN_UNGUARDED_AVAILABILITY = YES_AGGRESSIVE;
				CLANG_WARN_UNREACHABLE_CODE = YES;
				CLANG_WARN__DUPLICATE_METHOD_MATCH = YES;
				CODE_SIGN_IDENTITY = "iPhone Developer";
				COPY_PHASE_STRIP = NO;
				DEBUG_INFORMATION_FORMAT = dwarf;
				ENABLE_STRICT_OBJC_MSGSEND = YES;
				ENABLE_TESTABILITY = YES;
				GCC_C_LANGUAGE_STANDARD = gnu11;
				GCC_DYNAMIC_NO_PIC = NO;
				GCC_NO_COMMON_BLOCKS = YES;
				GCC_OPTIMIZATION_LEVEL = 0;
				GCC_PREPROCESSOR_DEFINITIONS = (
					"DEBUG=1",
					"$(inherited)",
				);
				GCC_WARN_64_TO_32_BIT_CONVERSION = YES;
				GCC_WARN_ABOUT_RETURN_TYPE = YES_ERROR;
				GCC_WARN_UNDECLARED_SELECTOR = YES;
				GCC_WARN_UNINITIALIZED_AUTOS = YES_AGGRESSIVE;
				GCC_WARN_UNUSED_FUNCTION = YES;
				GCC_WARN_UNUSED_VARIABLE = YES;
				IPHONEOS_DEPLOYMENT_TARGET = 12.1;
				MTL_ENABLE_DEBUG_INFO = INCLUDE_SOURCE;
				MTL_FAST_MATH = YES;
				ONLY_ACTIVE_ARCH = YES;
				SDKROOT = iphoneos;
				SWIFT_ACTIVE_COMPILATION_CONDITIONS = DEBUG;
				SWIFT_OPTIMIZATION_LEVEL = "-Onone";
			};
			name = Debug;
		};
		952064A221CE7D3C00914545 /* Release */ = {
			isa = XCBuildConfiguration;
			buildSettings = {
				ALWAYS_SEARCH_USER_PATHS = NO;
				CLANG_ANALYZER_NONNULL = YES;
				CLANG_ANALYZER_NUMBER_OBJECT_CONVERSION = YES_AGGRESSIVE;
				CLANG_CXX_LANGUAGE_STANDARD = "gnu++14";
				CLANG_CXX_LIBRARY = "libc++";
				CLANG_ENABLE_MODULES = YES;
				CLANG_ENABLE_OBJC_ARC = YES;
				CLANG_ENABLE_OBJC_WEAK = YES;
				CLANG_WARN_BLOCK_CAPTURE_AUTORELEASING = YES;
				CLANG_WARN_BOOL_CONVERSION = YES;
				CLANG_WARN_COMMA = YES;
				CLANG_WARN_CONSTANT_CONVERSION = YES;
				CLANG_WARN_DEPRECATED_OBJC_IMPLEMENTATIONS = YES;
				CLANG_WARN_DIRECT_OBJC_ISA_USAGE = YES_ERROR;
				CLANG_WARN_DOCUMENTATION_COMMENTS = YES;
				CLANG_WARN_EMPTY_BODY = YES;
				CLANG_WARN_ENUM_CONVERSION = YES;
				CLANG_WARN_INFINITE_RECURSION = YES;
				CLANG_WARN_INT_CONVERSION = YES;
				CLANG_WARN_NON_LITERAL_NULL_CONVERSION = YES;
				CLANG_WARN_OBJC_IMPLICIT_RETAIN_SELF = YES;
				CLANG_WARN_OBJC_LITERAL_CONVERSION = YES;
				CLANG_WARN_OBJC_ROOT_CLASS = YES_ERROR;
				CLANG_WARN_RANGE_LOOP_ANALYSIS = YES;
				CLANG_WARN_STRICT_PROTOTYPES = YES;
				CLANG_WARN_SUSPICIOUS_MOVE = YES;
				CLANG_WARN_UNGUARDED_AVAILABILITY = YES_AGGRESSIVE;
				CLANG_WARN_UNREACHABLE_CODE = YES;
				CLANG_WARN__DUPLICATE_METHOD_MATCH = YES;
				CODE_SIGN_IDENTITY = "iPhone Developer";
				COPY_PHASE_STRIP = NO;
				DEBUG_INFORMATION_FORMAT = "dwarf-with-dsym";
				ENABLE_NS_ASSERTIONS = NO;
				ENABLE_STRICT_OBJC_MSGSEND = YES;
				GCC_C_LANGUAGE_STANDARD = gnu11;
				GCC_NO_COMMON_BLOCKS = YES;
				GCC_WARN_64_TO_32_BIT_CONVERSION = YES;
				GCC_WARN_ABOUT_RETURN_TYPE = YES_ERROR;
				GCC_WARN_UNDECLARED_SELECTOR = YES;
				GCC_WARN_UNINITIALIZED_AUTOS = YES_AGGRESSIVE;
				GCC_WARN_UNUSED_FUNCTION = YES;
				GCC_WARN_UNUSED_VARIABLE = YES;
				IPHONEOS_DEPLOYMENT_TARGET = 12.1;
				MTL_ENABLE_DEBUG_INFO = NO;
				MTL_FAST_MATH = YES;
				SDKROOT = iphoneos;
				SWIFT_COMPILATION_MODE = wholemodule;
				SWIFT_OPTIMIZATION_LEVEL = "-O";
				VALIDATE_PRODUCT = YES;
			};
			name = Release;
		};
		952064A421CE7D3C00914545 /* Debug */ = {
			isa = XCBuildConfiguration;
			buildSettings = {
				ASSETCATALOG_COMPILER_APPICON_NAME = AppIcon;
				CODE_SIGN_STYLE = Automatic;
				DEVELOPMENT_TEAM = 4RRA8XDKRU;
				INFOPLIST_FILE = TimeCounter/Info.plist;
				LD_RUNPATH_SEARCH_PATHS = (
					"$(inherited)",
					"@executable_path/Frameworks",
				);
				PRODUCT_BUNDLE_IDENTIFIER = com.agniuspazecka.TimeCounter;
				PRODUCT_NAME = "$(TARGET_NAME)";
				SWIFT_VERSION = 4.2;
				TARGETED_DEVICE_FAMILY = "1,2";
			};
			name = Debug;
		};
		952064A521CE7D3C00914545 /* Release */ = {
			isa = XCBuildConfiguration;
			buildSettings = {
				ASSETCATALOG_COMPILER_APPICON_NAME = AppIcon;
				CODE_SIGN_STYLE = Automatic;
				DEVELOPMENT_TEAM = 4RRA8XDKRU;
				INFOPLIST_FILE = TimeCounter/Info.plist;
				LD_RUNPATH_SEARCH_PATHS = (
					"$(inherited)",
					"@executable_path/Frameworks",
				);
				PRODUCT_BUNDLE_IDENTIFIER = com.agniuspazecka.TimeCounter;
				PRODUCT_NAME = "$(TARGET_NAME)";
				SWIFT_VERSION = 4.2;
				TARGETED_DEVICE_FAMILY = "1,2";
			};
			name = Release;
		};
		952064A721CE7D3C00914545 /* Debug */ = {
			isa = XCBuildConfiguration;
			buildSettings = {
				ALWAYS_EMBED_SWIFT_STANDARD_LIBRARIES = YES;
				BUNDLE_LOADER = "$(TEST_HOST)";
				CODE_SIGN_STYLE = Automatic;
				DEVELOPMENT_TEAM = 4RRA8XDKRU;
				INFOPLIST_FILE = TimeCounterTests/Info.plist;
				LD_RUNPATH_SEARCH_PATHS = (
					"$(inherited)",
					"@executable_path/Frameworks",
					"@loader_path/Frameworks",
				);
				PRODUCT_BUNDLE_IDENTIFIER = com.agniuspazecka.TimeCounterTests;
				PRODUCT_NAME = "$(TARGET_NAME)";
				SWIFT_VERSION = 4.2;
				TARGETED_DEVICE_FAMILY = "1,2";
				TEST_HOST = "$(BUILT_PRODUCTS_DIR)/TimeCounter.app/TimeCounter";
			};
			name = Debug;
		};
		952064A821CE7D3C00914545 /* Release */ = {
			isa = XCBuildConfiguration;
			buildSettings = {
				ALWAYS_EMBED_SWIFT_STANDARD_LIBRARIES = YES;
				BUNDLE_LOADER = "$(TEST_HOST)";
				CODE_SIGN_STYLE = Automatic;
				DEVELOPMENT_TEAM = 4RRA8XDKRU;
				INFOPLIST_FILE = TimeCounterTests/Info.plist;
				LD_RUNPATH_SEARCH_PATHS = (
					"$(inherited)",
					"@executable_path/Frameworks",
					"@loader_path/Frameworks",
				);
				PRODUCT_BUNDLE_IDENTIFIER = com.agniuspazecka.TimeCounterTests;
				PRODUCT_NAME = "$(TARGET_NAME)";
				SWIFT_VERSION = 4.2;
				TARGETED_DEVICE_FAMILY = "1,2";
				TEST_HOST = "$(BUILT_PRODUCTS_DIR)/TimeCounter.app/TimeCounter";
			};
			name = Release;
		};
/* End XCBuildConfiguration section */

/* Begin XCConfigurationList section */
		9520648121CE7D3A00914545 /* Build configuration list for PBXProject "TimeCounter" */ = {
			isa = XCConfigurationList;
			buildConfigurations = (
				952064A121CE7D3C00914545 /* Debug */,
				952064A221CE7D3C00914545 /* Release */,
			);
			defaultConfigurationIsVisible = 0;
			defaultConfigurationName = Release;
		};
		952064A321CE7D3C00914545 /* Build configuration list for PBXNativeTarget "TimeCounter" */ = {
			isa = XCConfigurationList;
			buildConfigurations = (
				952064A421CE7D3C00914545 /* Debug */,
				952064A521CE7D3C00914545 /* Release */,
			);
			defaultConfigurationIsVisible = 0;
			defaultConfigurationName = Release;
		};
		952064A621CE7D3C00914545 /* Build configuration list for PBXNativeTarget "TimeCounterTests" */ = {
			isa = XCConfigurationList;
			buildConfigurations = (
				952064A721CE7D3C00914545 /* Debug */,
				952064A821CE7D3C00914545 /* Release */,
			);
			defaultConfigurationIsVisible = 0;
			defaultConfigurationName = Release;
		};
/* End XCConfigurationList section */
	};
	rootObject = 9520647E21CE7D3A00914545 /* Project object */;
}
