// !$*UTF8*$!
{
	archiveVersion = 1;
	classes = {
	};
	objectVersion = 50;
	objects = {

/* Begin PBXBuildFile section */
		098B6E8DE4482EB67648412A /* Pods_TimeCounterTests.framework in Frameworks */ = {isa = PBXBuildFile; fileRef = 564553F6F11439396AB2064C /* Pods_TimeCounterTests.framework */; };
		16A5BF70F73CAC3B7D481E19 /* Pods_TimeCounter.framework in Frameworks */ = {isa = PBXBuildFile; fileRef = ACA83B5E25E8A692F254FBF6 /* Pods_TimeCounter.framework */; };
		95019B5A21F4DFCD00511F16 /* TestViewController.swift in Sources */ = {isa = PBXBuildFile; fileRef = 95019B5921F4DFCD00511F16 /* TestViewController.swift */; };
		9520648A21CE7D3A00914545 /* AppDelegate.swift in Sources */ = {isa = PBXBuildFile; fileRef = 9520648921CE7D3A00914545 /* AppDelegate.swift */; };
		9520648C21CE7D3A00914545 /* ViewController.swift in Sources */ = {isa = PBXBuildFile; fileRef = 9520648B21CE7D3A00914545 /* ViewController.swift */; };
		9520648F21CE7D3A00914545 /* Main.storyboard in Resources */ = {isa = PBXBuildFile; fileRef = 9520648D21CE7D3A00914545 /* Main.storyboard */; };
		9520649121CE7D3C00914545 /* Assets.xcassets in Resources */ = {isa = PBXBuildFile; fileRef = 9520649021CE7D3C00914545 /* Assets.xcassets */; };
		9520649421CE7D3C00914545 /* LaunchScreen.storyboard in Resources */ = {isa = PBXBuildFile; fileRef = 9520649221CE7D3C00914545 /* LaunchScreen.storyboard */; };
		9520649F21CE7D3C00914545 /* TimeCounterTests.swift in Sources */ = {isa = PBXBuildFile; fileRef = 9520649E21CE7D3C00914545 /* TimeCounterTests.swift */; };
		952064AA21CE81B900914545 /* Stopwatch.swift in Sources */ = {isa = PBXBuildFile; fileRef = 952064A921CE81B900914545 /* Stopwatch.swift */; };
		95627C5A21F639FC00AF4787 /* Sessions.swift in Sources */ = {isa = PBXBuildFile; fileRef = 95627C5921F639FC00AF4787 /* Sessions.swift */; };
		95627C5C21F640CB00AF4787 /* Category.swift in Sources */ = {isa = PBXBuildFile; fileRef = 95627C5B21F640CB00AF4787 /* Category.swift */; };
		958A719521F4CB5500D1814B /* ActivityTableViewController.swift in Sources */ = {isa = PBXBuildFile; fileRef = 958A719421F4CB5500D1814B /* ActivityTableViewController.swift */; };
		95A86D3D21D53DA0005AC808 /* DataSave.swift in Sources */ = {isa = PBXBuildFile; fileRef = 95A86D3C21D53DA0005AC808 /* DataSave.swift */; };
/* End PBXBuildFile section */

/* Begin PBXContainerItemProxy section */
		9520649B21CE7D3C00914545 /* PBXContainerItemProxy */ = {
			isa = PBXContainerItemProxy;
			containerPortal = 9520647E21CE7D3A00914545 /* Project object */;
			proxyType = 1;
			remoteGlobalIDString = 9520648521CE7D3A00914545;
			remoteInfo = TimeCounter;
		};
/* End PBXContainerItemProxy section */

/* Begin PBXFileReference section */
		564553F6F11439396AB2064C /* Pods_TimeCounterTests.framework */ = {isa = PBXFileReference; explicitFileType = wrapper.framework; includeInIndex = 0; path = Pods_TimeCounterTests.framework; sourceTree = BUILT_PRODUCTS_DIR; };
		5B8E3F603BDDCD32FEA4823F /* Pods-TimeCounter.release.xcconfig */ = {isa = PBXFileReference; includeInIndex = 1; lastKnownFileType = text.xcconfig; name = "Pods-TimeCounter.release.xcconfig"; path = "Pods/Target Support Files/Pods-TimeCounter/Pods-TimeCounter.release.xcconfig"; sourceTree = "<group>"; };
		95019B5921F4DFCD00511F16 /* TestViewController.swift */ = {isa = PBXFileReference; lastKnownFileType = sourcecode.swift; path = TestViewController.swift; sourceTree = "<group>"; };
		9520648621CE7D3A00914545 /* TimeCounter.app */ = {isa = PBXFileReference; explicitFileType = wrapper.application; includeInIndex = 0; path = TimeCounter.app; sourceTree = BUILT_PRODUCTS_DIR; };
		9520648921CE7D3A00914545 /* AppDelegate.swift */ = {isa = PBXFileReference; lastKnownFileType = sourcecode.swift; path = AppDelegate.swift; sourceTree = "<group>"; };
		9520648B21CE7D3A00914545 /* ViewController.swift */ = {isa = PBXFileReference; lastKnownFileType = sourcecode.swift; path = ViewController.swift; sourceTree = "<group>"; };
		9520648E21CE7D3A00914545 /* Base */ = {isa = PBXFileReference; lastKnownFileType = file.storyboard; name = Base; path = Base.lproj/Main.storyboard; sourceTree = "<group>"; };
		9520649021CE7D3C00914545 /* Assets.xcassets */ = {isa = PBXFileReference; lastKnownFileType = folder.assetcatalog; path = Assets.xcassets; sourceTree = "<group>"; };
		9520649321CE7D3C00914545 /* Base */ = {isa = PBXFileReference; lastKnownFileType = file.storyboard; name = Base; path = Base.lproj/LaunchScreen.storyboard; sourceTree = "<group>"; };
		9520649521CE7D3C00914545 /* Info.plist */ = {isa = PBXFileReference; lastKnownFileType = text.plist.xml; path = Info.plist; sourceTree = "<group>"; };
		9520649A21CE7D3C00914545 /* TimeCounterTests.xctest */ = {isa = PBXFileReference; explicitFileType = wrapper.cfbundle; includeInIndex = 0; path = TimeCounterTests.xctest; sourceTree = BUILT_PRODUCTS_DIR; };
		9520649E21CE7D3C00914545 /* TimeCounterTests.swift */ = {isa = PBXFileReference; lastKnownFileType = sourcecode.swift; path = TimeCounterTests.swift; sourceTree = "<group>"; };
		952064A021CE7D3C00914545 /* Info.plist */ = {isa = PBXFileReference; lastKnownFileType = text.plist.xml; path = Info.plist; sourceTree = "<group>"; };
		952064A921CE81B900914545 /* Stopwatch.swift */ = {isa = PBXFileReference; lastKnownFileType = sourcecode.swift; path = Stopwatch.swift; sourceTree = "<group>"; };
		95627C5921F639FC00AF4787 /* Sessions.swift */ = {isa = PBXFileReference; lastKnownFileType = sourcecode.swift; path = Sessions.swift; sourceTree = "<group>"; };
		95627C5B21F640CB00AF4787 /* Category.swift */ = {isa = PBXFileReference; lastKnownFileType = sourcecode.swift; path = Category.swift; sourceTree = "<group>"; };
		958A719421F4CB5500D1814B /* ActivityTableViewController.swift */ = {isa = PBXFileReference; lastKnownFileType = sourcecode.swift; path = ActivityTableViewController.swift; sourceTree = "<group>"; };
		95A86D3C21D53DA0005AC808 /* DataSave.swift */ = {isa = PBXFileReference; lastKnownFileType = sourcecode.swift; path = DataSave.swift; sourceTree = "<group>"; };
		ACA83B5E25E8A692F254FBF6 /* Pods_TimeCounter.framework */ = {isa = PBXFileReference; explicitFileType = wrapper.framework; includeInIndex = 0; path = Pods_TimeCounter.framework; sourceTree = BUILT_PRODUCTS_DIR; };
		C69B925B13BDC0E0FC7C13CF /* Pods-TimeCounterTests.debug.xcconfig */ = {isa = PBXFileReference; includeInIndex = 1; lastKnownFileType = text.xcconfig; name = "Pods-TimeCounterTests.debug.xcconfig"; path = "Pods/Target Support Files/Pods-TimeCounterTests/Pods-TimeCounterTests.debug.xcconfig"; sourceTree = "<group>"; };
		CC6CF8BA40875786ADD7DF0E /* Pods-TimeCounter.debug.xcconfig */ = {isa = PBXFileReference; includeInIndex = 1; lastKnownFileType = text.xcconfig; name = "Pods-TimeCounter.debug.xcconfig"; path = "Pods/Target Support Files/Pods-TimeCounter/Pods-TimeCounter.debug.xcconfig"; sourceTree = "<group>"; };
		F15B8484161E1B86515B755A /* Pods-TimeCounterTests.release.xcconfig */ = {isa = PBXFileReference; includeInIndex = 1; lastKnownFileType = text.xcconfig; name = "Pods-TimeCounterTests.release.xcconfig"; path = "Pods/Target Support Files/Pods-TimeCounterTests/Pods-TimeCounterTests.release.xcconfig"; sourceTree = "<group>"; };
/* End PBXFileReference section */

/* Begin PBXFrameworksBuildPhase section */
		9520648321CE7D3A00914545 /* Frameworks */ = {
			isa = PBXFrameworksBuildPhase;
			buildActionMask = 2147483647;
			files = (
				16A5BF70F73CAC3B7D481E19 /* Pods_TimeCounter.framework in Frameworks */,
			);
			runOnlyForDeploymentPostprocessing = 0;
		};
		9520649721CE7D3C00914545 /* Frameworks */ = {
			isa = PBXFrameworksBuildPhase;
			buildActionMask = 2147483647;
			files = (
				098B6E8DE4482EB67648412A /* Pods_TimeCounterTests.framework in Frameworks */,
			);
			runOnlyForDeploymentPostprocessing = 0;
		};
/* End PBXFrameworksBuildPhase section */

/* Begin PBXGroup section */
		6052B9A420FEF925BECEF60F /* Frameworks */ = {
			isa = PBXGroup;
			children = (
				ACA83B5E25E8A692F254FBF6 /* Pods_TimeCounter.framework */,
				564553F6F11439396AB2064C /* Pods_TimeCounterTests.framework */,
			);
			name = Frameworks;
			sourceTree = "<group>";
		};
		65F7D42C4A2579FFC0198423 /* Pods */ = {
			isa = PBXGroup;
			children = (
				CC6CF8BA40875786ADD7DF0E /* Pods-TimeCounter.debug.xcconfig */,
				5B8E3F603BDDCD32FEA4823F /* Pods-TimeCounter.release.xcconfig */,
				C69B925B13BDC0E0FC7C13CF /* Pods-TimeCounterTests.debug.xcconfig */,
				F15B8484161E1B86515B755A /* Pods-TimeCounterTests.release.xcconfig */,
			);
			name = Pods;
			sourceTree = "<group>";
		};
		9520647D21CE7D3A00914545 = {
			isa = PBXGroup;
			children = (
				9573583D21CF8CC600EC34E6 /* Model */,
				9520648821CE7D3A00914545 /* TimeCounter */,
				9520649D21CE7D3C00914545 /* TimeCounterTests */,
				9520648721CE7D3A00914545 /* Products */,
				65F7D42C4A2579FFC0198423 /* Pods */,
				6052B9A420FEF925BECEF60F /* Frameworks */,
			);
			sourceTree = "<group>";
		};
		9520648721CE7D3A00914545 /* Products */ = {
			isa = PBXGroup;
			children = (
				9520648621CE7D3A00914545 /* TimeCounter.app */,
				9520649A21CE7D3C00914545 /* TimeCounterTests.xctest */,
			);
			name = Products;
			sourceTree = "<group>";
		};
		9520648821CE7D3A00914545 /* TimeCounter */ = {
			isa = PBXGroup;
			children = (
				9520648921CE7D3A00914545 /* AppDelegate.swift */,
				958A719421F4CB5500D1814B /* ActivityTableViewController.swift */,
				9520648B21CE7D3A00914545 /* ViewController.swift */,
				952064A921CE81B900914545 /* Stopwatch.swift */,
				9520648D21CE7D3A00914545 /* Main.storyboard */,
				9520649021CE7D3C00914545 /* Assets.xcassets */,
				9520649221CE7D3C00914545 /* LaunchScreen.storyboard */,
				9520649521CE7D3C00914545 /* Info.plist */,
				95019B5921F4DFCD00511F16 /* TestViewController.swift */,
			);
			path = TimeCounter;
			sourceTree = "<group>";
		};
		9520649D21CE7D3C00914545 /* TimeCounterTests */ = {
			isa = PBXGroup;
			children = (
				9520649E21CE7D3C00914545 /* TimeCounterTests.swift */,
				952064A021CE7D3C00914545 /* Info.plist */,
			);
			path = TimeCounterTests;
			sourceTree = "<group>";
		};
		9573583D21CF8CC600EC34E6 /* Model */ = {
			isa = PBXGroup;
			children = (
				95A86D3C21D53DA0005AC808 /* DataSave.swift */,
				95627C5921F639FC00AF4787 /* Sessions.swift */,
				95627C5B21F640CB00AF4787 /* Category.swift */,
			);
			path = Model;
			sourceTree = "<group>";
		};
/* End PBXGroup section */

/* Begin PBXNativeTarget section */
		9520648521CE7D3A00914545 /* TimeCounter */ = {
			isa = PBXNativeTarget;
			buildConfigurationList = 952064A321CE7D3C00914545 /* Build configuration list for PBXNativeTarget "TimeCounter" */;
			buildPhases = (
				6743EB4926C50377F3D9906B /* [CP] Check Pods Manifest.lock */,
				9520648221CE7D3A00914545 /* Sources */,
				9520648321CE7D3A00914545 /* Frameworks */,
				9520648421CE7D3A00914545 /* Resources */,
				6C6AB525D64B491B0A4622BD /* [CP] Embed Pods Frameworks */,
			);
			buildRules = (
			);
			dependencies = (
			);
			name = TimeCounter;
			productName = TimeCounter;
			productReference = 9520648621CE7D3A00914545 /* TimeCounter.app */;
			productType = "com.apple.product-type.application";
		};
		9520649921CE7D3C00914545 /* TimeCounterTests */ = {
			isa = PBXNativeTarget;
			buildConfigurationList = 952064A621CE7D3C00914545 /* Build configuration list for PBXNativeTarget "TimeCounterTests" */;
			buildPhases = (
				45E30A5C52C2F3ED868D5B2C /* [CP] Check Pods Manifest.lock */,
				9520649621CE7D3C00914545 /* Sources */,
				9520649721CE7D3C00914545 /* Frameworks */,
				9520649821CE7D3C00914545 /* Resources */,
			);
			buildRules = (
			);
			dependencies = (
				9520649C21CE7D3C00914545 /* PBXTargetDependency */,
			);
			name = TimeCounterTests;
			productName = TimeCounterTests;
			productReference = 9520649A21CE7D3C00914545 /* TimeCounterTests.xctest */;
			productType = "com.apple.product-type.bundle.unit-test";
		};
/* End PBXNativeTarget section */

/* Begin PBXProject section */
		9520647E21CE7D3A00914545 /* Project object */ = {
			isa = PBXProject;
			attributes = {
				LastSwiftUpdateCheck = 1010;
				LastUpgradeCheck = 1010;
				ORGANIZATIONNAME = "Agnius Pazecka";
				TargetAttributes = {
					9520648521CE7D3A00914545 = {
						CreatedOnToolsVersion = 10.1;
					};
					9520649921CE7D3C00914545 = {
						CreatedOnToolsVersion = 10.1;
						TestTargetID = 9520648521CE7D3A00914545;
					};
				};
			};
			buildConfigurationList = 9520648121CE7D3A00914545 /* Build configuration list for PBXProject "TimeCounter" */;
			compatibilityVersion = "Xcode 9.3";
			developmentRegion = en;
			hasScannedForEncodings = 0;
			knownRegions = (
				en,
				Base,
			);
			mainGroup = 9520647D21CE7D3A00914545;
			productRefGroup = 9520648721CE7D3A00914545 /* Products */;
			projectDirPath = "";
			projectRoot = "";
			targets = (
				9520648521CE7D3A00914545 /* TimeCounter */,
				9520649921CE7D3C00914545 /* TimeCounterTests */,
			);
		};
/* End PBXProject section */

/* Begin PBXResourcesBuildPhase section */
		9520648421CE7D3A00914545 /* Resources */ = {
			isa = PBXResourcesBuildPhase;
			buildActionMask = 2147483647;
			files = (
				9520649421CE7D3C00914545 /* LaunchScreen.storyboard in Resources */,
				9520649121CE7D3C00914545 /* Assets.xcassets in Resources */,
				9520648F21CE7D3A00914545 /* Main.storyboard in Resources */,
			);
			runOnlyForDeploymentPostprocessing = 0;
		};
		9520649821CE7D3C00914545 /* Resources */ = {
			isa = PBXResourcesBuildPhase;
			buildActionMask = 2147483647;
			files = (
			);
			runOnlyForDeploymentPostprocessing = 0;
		};
/* End PBXResourcesBuildPhase section */

/* Begin PBXShellScriptBuildPhase section */
		45E30A5C52C2F3ED868D5B2C /* [CP] Check Pods Manifest.lock */ = {
			isa = PBXShellScriptBuildPhase;
			buildActionMask = 2147483647;
			files = (
			);
			inputFileListPaths = (
			);
			inputPaths = (
				"${PODS_PODFILE_DIR_PATH}/Podfile.lock",
				"${PODS_ROOT}/Manifest.lock",
			);
			name = "[CP] Check Pods Manifest.lock";
			outputFileListPaths = (
			);
			outputPaths = (
				"$(DERIVED_FILE_DIR)/Pods-TimeCounterTests-checkManifestLockResult.txt",
			);
			runOnlyForDeploymentPostprocessing = 0;
			shellPath = /bin/sh;
			shellScript = "diff \"${PODS_PODFILE_DIR_PATH}/Podfile.lock\" \"${PODS_ROOT}/Manifest.lock\" > /dev/null\nif [ $? != 0 ] ; then\n    # print error to STDERR\n    echo \"error: The sandbox is not in sync with the Podfile.lock. Run 'pod install' or update your CocoaPods installation.\" >&2\n    exit 1\nfi\n# This output is used by Xcode 'outputs' to avoid re-running this script phase.\necho \"SUCCESS\" > \"${SCRIPT_OUTPUT_FILE_0}\"\n";
			showEnvVarsInLog = 0;
		};
		6743EB4926C50377F3D9906B /* [CP] Check Pods Manifest.lock */ = {
			isa = PBXShellScriptBuildPhase;
			buildActionMask = 2147483647;
			files = (
			);
			inputFileListPaths = (
			);
			inputPaths = (
				"${PODS_PODFILE_DIR_PATH}/Podfile.lock",
				"${PODS_ROOT}/Manifest.lock",
			);
			name = "[CP] Check Pods Manifest.lock";
			outputFileListPaths = (
			);
			outputPaths = (
				"$(DERIVED_FILE_DIR)/Pods-TimeCounter-checkManifestLockResult.txt",
			);
			runOnlyForDeploymentPostprocessing = 0;
			shellPath = /bin/sh;
			shellScript = "diff \"${PODS_PODFILE_DIR_PATH}/Podfile.lock\" \"${PODS_ROOT}/Manifest.lock\" > /dev/null\nif [ $? != 0 ] ; then\n    # print error to STDERR\n    echo \"error: The sandbox is not in sync with the Podfile.lock. Run 'pod install' or update your CocoaPods installation.\" >&2\n    exit 1\nfi\n# This output is used by Xcode 'outputs' to avoid re-running this script phase.\necho \"SUCCESS\" > \"${SCRIPT_OUTPUT_FILE_0}\"\n";
			showEnvVarsInLog = 0;
		};
		6C6AB525D64B491B0A4622BD /* [CP] Embed Pods Frameworks */ = {
			isa = PBXShellScriptBuildPhase;
			buildActionMask = 2147483647;
			files = (
			);
			inputFileListPaths = (
			);
			inputPaths = (
				"${SRCROOT}/Pods/Target Support Files/Pods-TimeCounter/Pods-TimeCounter-frameworks.sh",
				"${BUILT_PRODUCTS_DIR}/Realm/Realm.framework",
				"${BUILT_PRODUCTS_DIR}/RealmSwift/RealmSwift.framework",
			);
			name = "[CP] Embed Pods Frameworks";
			outputFileListPaths = (
			);
			outputPaths = (
				"${TARGET_BUILD_DIR}/${FRAMEWORKS_FOLDER_PATH}/Realm.framework",
				"${TARGET_BUILD_DIR}/${FRAMEWORKS_FOLDER_PATH}/RealmSwift.framework",
			);
			runOnlyForDeploymentPostprocessing = 0;
			shellPath = /bin/sh;
			shellScript = "\"${SRCROOT}/Pods/Target Support Files/Pods-TimeCounter/Pods-TimeCounter-frameworks.sh\"\n";
			showEnvVarsInLog = 0;
		};
/* End PBXShellScriptBuildPhase section */

/* Begin PBXSourcesBuildPhase section */
		9520648221CE7D3A00914545 /* Sources */ = {
			isa = PBXSourcesBuildPhase;
			buildActionMask = 2147483647;
			files = (
				9520648C21CE7D3A00914545 /* ViewController.swift in Sources */,
				958A719521F4CB5500D1814B /* ActivityTableViewController.swift in Sources */,
				952064AA21CE81B900914545 /* Stopwatch.swift in Sources */,
				95A86D3D21D53DA0005AC808 /* DataSave.swift in Sources */,
				95019B5A21F4DFCD00511F16 /* TestViewController.swift in Sources */,
				9520648A21CE7D3A00914545 /* AppDelegate.swift in Sources */,
				95627C5A21F639FC00AF4787 /* Sessions.swift in Sources */,
				95627C5C21F640CB00AF4787 /* Category.swift in Sources */,
			);
			runOnlyForDeploymentPostprocessing = 0;
		};
		9520649621CE7D3C00914545 /* Sources */ = {
			isa = PBXSourcesBuildPhase;
			buildActionMask = 2147483647;
			files = (
				9520649F21CE7D3C00914545 /* TimeCounterTests.swift in Sources */,
			);
			runOnlyForDeploymentPostprocessing = 0;
		};
/* End PBXSourcesBuildPhase section */

/* Begin PBXTargetDependency section */
		9520649C21CE7D3C00914545 /* PBXTargetDependency */ = {
			isa = PBXTargetDependency;
			target = 9520648521CE7D3A00914545 /* TimeCounter */;
			targetProxy = 9520649B21CE7D3C00914545 /* PBXContainerItemProxy */;
		};
/* End PBXTargetDependency section */

/* Begin PBXVariantGroup section */
		9520648D21CE7D3A00914545 /* Main.storyboard */ = {
			isa = PBXVariantGroup;
			children = (
				9520648E21CE7D3A00914545 /* Base */,
			);
			name = Main.storyboard;
			sourceTree = "<group>";
		};
		9520649221CE7D3C00914545 /* LaunchScreen.storyboard */ = {
			isa = PBXVariantGroup;
			children = (
				9520649321CE7D3C00914545 /* Base */,
			);
			name = LaunchScreen.storyboard;
			sourceTree = "<group>";
		};
/* End PBXVariantGroup section */

/* Begin XCBuildConfiguration section */
		952064A121CE7D3C00914545 /* Debug */ = {
			isa = XCBuildConfiguration;
			buildSettings = {
				ALWAYS_SEARCH_USER_PATHS = NO;
				CLANG_ANALYZER_NONNULL = YES;
				CLANG_ANALYZER_NUMBER_OBJECT_CONVERSION = YES_AGGRESSIVE;
				CLANG_CXX_LANGUAGE_STANDARD = "gnu++14";
				CLANG_CXX_LIBRARY = "libc++";
				CLANG_ENABLE_MODULES = YES;
				CLANG_ENABLE_OBJC_ARC = YES;
				CLANG_ENABLE_OBJC_WEAK = YES;
				CLANG_WARN_BLOCK_CAPTURE_AUTORELEASING = YES;
				CLANG_WARN_BOOL_CONVERSION = YES;
				CLANG_WARN_COMMA = YES;
				CLANG_WARN_CONSTANT_CONVERSION = YES;
				CLANG_WARN_DEPRECATED_OBJC_IMPLEMENTATIONS = YES;
				CLANG_WARN_DIRECT_OBJC_ISA_USAGE = YES_ERROR;
				CLANG_WARN_DOCUMENTATION_COMMENTS = YES;
				CLANG_WARN_EMPTY_BODY = YES;
				CLANG_WARN_ENUM_CONVERSION = YES;
				CLANG_WARN_INFINITE_RECURSION = YES;
				CLANG_WARN_INT_CONVERSION = YES;
				CLANG_WARN_NON_LITERAL_NULL_CONVERSION = YES;
				CLANG_WARN_OBJC_IMPLICIT_RETAIN_SELF = YES;
				CLANG_WARN_OBJC_LITERAL_CONVERSION = YES;
				CLANG_WARN_OBJC_ROOT_CLASS = YES_ERROR;
				CLANG_WARN_RANGE_LOOP_ANALYSIS = YES;
				CLANG_WARN_STRICT_PROTOTYPES = YES;
				CLANG_WARN_SUSPICIOUS_MOVE = YES;
				CLANG_WARN_UNGUARDED_AVAILABILITY = YES_AGGRESSIVE;
				CLANG_WARN_UNREACHABLE_CODE = YES;
				CLANG_WARN__DUPLICATE_METHOD_MATCH = YES;
				CODE_SIGN_IDENTITY = "iPhone Developer";
				COPY_PHASE_STRIP = NO;
				DEBUG_INFORMATION_FORMAT = dwarf;
				ENABLE_STRICT_OBJC_MSGSEND = YES;
				ENABLE_TESTABILITY = YES;
				GCC_C_LANGUAGE_STANDARD = gnu11;
				GCC_DYNAMIC_NO_PIC = NO;
				GCC_NO_COMMON_BLOCKS = YES;
				GCC_OPTIMIZATION_LEVEL = 0;
				GCC_PREPROCESSOR_DEFINITIONS = (
					"DEBUG=1",
					"$(inherited)",
				);
				GCC_WARN_64_TO_32_BIT_CONVERSION = YES;
				GCC_WARN_ABOUT_RETURN_TYPE = YES_ERROR;
				GCC_WARN_UNDECLARED_SELECTOR = YES;
				GCC_WARN_UNINITIALIZED_AUTOS = YES_AGGRESSIVE;
				GCC_WARN_UNUSED_FUNCTION = YES;
				GCC_WARN_UNUSED_VARIABLE = YES;
				IPHONEOS_DEPLOYMENT_TARGET = 12.1;
				MTL_ENABLE_DEBUG_INFO = INCLUDE_SOURCE;
				MTL_FAST_MATH = YES;
				ONLY_ACTIVE_ARCH = YES;
				SDKROOT = iphoneos;
				SWIFT_ACTIVE_COMPILATION_CONDITIONS = DEBUG;
				SWIFT_OPTIMIZATION_LEVEL = "-Onone";
			};
			name = Debug;
		};
		952064A221CE7D3C00914545 /* Release */ = {
			isa = XCBuildConfiguration;
			buildSettings = {
				ALWAYS_SEARCH_USER_PATHS = NO;
				CLANG_ANALYZER_NONNULL = YES;
				CLANG_ANALYZER_NUMBER_OBJECT_CONVERSION = YES_AGGRESSIVE;
				CLANG_CXX_LANGUAGE_STANDARD = "gnu++14";
				CLANG_CXX_LIBRARY = "libc++";
				CLANG_ENABLE_MODULES = YES;
				CLANG_ENABLE_OBJC_ARC = YES;
				CLANG_ENABLE_OBJC_WEAK = YES;
				CLANG_WARN_BLOCK_CAPTURE_AUTORELEASING = YES;
				CLANG_WARN_BOOL_CONVERSION = YES;
				CLANG_WARN_COMMA = YES;
				CLANG_WARN_CONSTANT_CONVERSION = YES;
				CLANG_WARN_DEPRECATED_OBJC_IMPLEMENTATIONS = YES;
				CLANG_WARN_DIRECT_OBJC_ISA_USAGE = YES_ERROR;
				CLANG_WARN_DOCUMENTATION_COMMENTS = YES;
				CLANG_WARN_EMPTY_BODY = YES;
				CLANG_WARN_ENUM_CONVERSION = YES;
				CLANG_WARN_INFINITE_RECURSION = YES;
				CLANG_WARN_INT_CONVERSION = YES;
				CLANG_WARN_NON_LITERAL_NULL_CONVERSION = YES;
				CLANG_WARN_OBJC_IMPLICIT_RETAIN_SELF = YES;
				CLANG_WARN_OBJC_LITERAL_CONVERSION = YES;
				CLANG_WARN_OBJC_ROOT_CLASS = YES_ERROR;
				CLANG_WARN_RANGE_LOOP_ANALYSIS = YES;
				CLANG_WARN_STRICT_PROTOTYPES = YES;
				CLANG_WARN_SUSPICIOUS_MOVE = YES;
				CLANG_WARN_UNGUARDED_AVAILABILITY = YES_AGGRESSIVE;
				CLANG_WARN_UNREACHABLE_CODE = YES;
				CLANG_WARN__DUPLICATE_METHOD_MATCH = YES;
				CODE_SIGN_IDENTITY = "iPhone Developer";
				COPY_PHASE_STRIP = NO;
				DEBUG_INFORMATION_FORMAT = "dwarf-with-dsym";
				ENABLE_NS_ASSERTIONS = NO;
				ENABLE_STRICT_OBJC_MSGSEND = YES;
				GCC_C_LANGUAGE_STANDARD = gnu11;
				GCC_NO_COMMON_BLOCKS = YES;
				GCC_WARN_64_TO_32_BIT_CONVERSION = YES;
				GCC_WARN_ABOUT_RETURN_TYPE = YES_ERROR;
				GCC_WARN_UNDECLARED_SELECTOR = YES;
				GCC_WARN_UNINITIALIZED_AUTOS = YES_AGGRESSIVE;
				GCC_WARN_UNUSED_FUNCTION = YES;
				GCC_WARN_UNUSED_VARIABLE = YES;
				IPHONEOS_DEPLOYMENT_TARGET = 12.1;
				MTL_ENABLE_DEBUG_INFO = NO;
				MTL_FAST_MATH = YES;
				SDKROOT = iphoneos;
				SWIFT_COMPILATION_MODE = wholemodule;
				SWIFT_OPTIMIZATION_LEVEL = "-O";
				VALIDATE_PRODUCT = YES;
			};
			name = Release;
		};
		952064A421CE7D3C00914545 /* Debug */ = {
			isa = XCBuildConfiguration;
			baseConfigurationReference = CC6CF8BA40875786ADD7DF0E /* Pods-TimeCounter.debug.xcconfig */;
			buildSettings = {
				ASSETCATALOG_COMPILER_APPICON_NAME = AppIcon;
				CODE_SIGN_STYLE = Automatic;
				DEVELOPMENT_TEAM = 4RRA8XDKRU;
				INFOPLIST_FILE = TimeCounter/Info.plist;
				LD_RUNPATH_SEARCH_PATHS = (
					"$(inherited)",
					"@executable_path/Frameworks",
				);
				PRODUCT_BUNDLE_IDENTIFIER = com.agniuspazecka.TimeCounter;
				PRODUCT_NAME = "$(TARGET_NAME)";
				SWIFT_VERSION = 4.2;
				TARGETED_DEVICE_FAMILY = "1,2";
			};
			name = Debug;
		};
		952064A521CE7D3C00914545 /* Release */ = {
			isa = XCBuildConfiguration;
			baseConfigurationReference = 5B8E3F603BDDCD32FEA4823F /* Pods-TimeCounter.release.xcconfig */;
			buildSettings = {
				ASSETCATALOG_COMPILER_APPICON_NAME = AppIcon;
				CODE_SIGN_STYLE = Automatic;
				DEVELOPMENT_TEAM = 4RRA8XDKRU;
				INFOPLIST_FILE = TimeCounter/Info.plist;
				LD_RUNPATH_SEARCH_PATHS = (
					"$(inherited)",
					"@executable_path/Frameworks",
				);
				PRODUCT_BUNDLE_IDENTIFIER = com.agniuspazecka.TimeCounter;
				PRODUCT_NAME = "$(TARGET_NAME)";
				SWIFT_VERSION = 4.2;
				TARGETED_DEVICE_FAMILY = "1,2";
			};
			name = Release;
		};
		952064A721CE7D3C00914545 /* Debug */ = {
			isa = XCBuildConfiguration;
			baseConfigurationReference = C69B925B13BDC0E0FC7C13CF /* Pods-TimeCounterTests.debug.xcconfig */;
			buildSettings = {
				ALWAYS_EMBED_SWIFT_STANDARD_LIBRARIES = YES;
				BUNDLE_LOADER = "$(TEST_HOST)";
				CODE_SIGN_STYLE = Automatic;
				DEVELOPMENT_TEAM = 4RRA8XDKRU;
				INFOPLIST_FILE = TimeCounterTests/Info.plist;
				LD_RUNPATH_SEARCH_PATHS = (
					"$(inherited)",
					"@executable_path/Frameworks",
					"@loader_path/Frameworks",
				);
				PRODUCT_BUNDLE_IDENTIFIER = com.agniuspazecka.TimeCounterTests;
				PRODUCT_NAME = "$(TARGET_NAME)";
				SWIFT_VERSION = 4.2;
				TARGETED_DEVICE_FAMILY = "1,2";
				TEST_HOST = "$(BUILT_PRODUCTS_DIR)/TimeCounter.app/TimeCounter";
			};
			name = Debug;
		};
		952064A821CE7D3C00914545 /* Release */ = {
			isa = XCBuildConfiguration;
			baseConfigurationReference = F15B8484161E1B86515B755A /* Pods-TimeCounterTests.release.xcconfig */;
			buildSettings = {
				ALWAYS_EMBED_SWIFT_STANDARD_LIBRARIES = YES;
				BUNDLE_LOADER = "$(TEST_HOST)";
				CODE_SIGN_STYLE = Automatic;
				DEVELOPMENT_TEAM = 4RRA8XDKRU;
				INFOPLIST_FILE = TimeCounterTests/Info.plist;
				LD_RUNPATH_SEARCH_PATHS = (
					"$(inherited)",
					"@executable_path/Frameworks",
					"@loader_path/Frameworks",
				);
				PRODUCT_BUNDLE_IDENTIFIER = com.agniuspazecka.TimeCounterTests;
				PRODUCT_NAME = "$(TARGET_NAME)";
				SWIFT_VERSION = 4.2;
				TARGETED_DEVICE_FAMILY = "1,2";
				TEST_HOST = "$(BUILT_PRODUCTS_DIR)/TimeCounter.app/TimeCounter";
			};
			name = Release;
		};
/* End XCBuildConfiguration section */

/* Begin XCConfigurationList section */
		9520648121CE7D3A00914545 /* Build configuration list for PBXProject "TimeCounter" */ = {
			isa = XCConfigurationList;
			buildConfigurations = (
				952064A121CE7D3C00914545 /* Debug */,
				952064A221CE7D3C00914545 /* Release */,
			);
			defaultConfigurationIsVisible = 0;
			defaultConfigurationName = Release;
		};
		952064A321CE7D3C00914545 /* Build configuration list for PBXNativeTarget "TimeCounter" */ = {
			isa = XCConfigurationList;
			buildConfigurations = (
				952064A421CE7D3C00914545 /* Debug */,
				952064A521CE7D3C00914545 /* Release */,
			);
			defaultConfigurationIsVisible = 0;
			defaultConfigurationName = Release;
		};
		952064A621CE7D3C00914545 /* Build configuration list for PBXNativeTarget "TimeCounterTests" */ = {
			isa = XCConfigurationList;
			buildConfigurations = (
				952064A721CE7D3C00914545 /* Debug */,
				952064A821CE7D3C00914545 /* Release */,
			);
			defaultConfigurationIsVisible = 0;
			defaultConfigurationName = Release;
		};
/* End XCConfigurationList section */
	};
	rootObject = 9520647E21CE7D3A00914545 /* Project object */;
}
